// !$*UTF8*$!
{
	archiveVersion = 1;
	classes = {
	};
	objectVersion = 56;
	objects = {

/* Begin PBXBuildFile section */
		0204419B2A8EC7A100B3FB33 /* FocusedAnalysis.swift in Sources */ = {isa = PBXBuildFile; fileRef = 0204419A2A8EC7A100B3FB33 /* FocusedAnalysis.swift */; };
		0204419F2A900BA800B3FB33 /* ApproachAnalysis.swift in Sources */ = {isa = PBXBuildFile; fileRef = 0204419E2A900BA800B3FB33 /* ApproachAnalysis.swift */; };
		020441A12A93FA6D00B3FB33 /* ChippingAnalysisView.swift in Sources */ = {isa = PBXBuildFile; fileRef = 020441A02A93FA6D00B3FB33 /* ChippingAnalysisView.swift */; };
		020441A32A940E0E00B3FB33 /* PuttingDetailView.swift in Sources */ = {isa = PBXBuildFile; fileRef = 020441A22A940E0E00B3FB33 /* PuttingDetailView.swift */; };
		020441A52A941A0F00B3FB33 /* DrivingDetailView.swift in Sources */ = {isa = PBXBuildFile; fileRef = 020441A42A941A0F00B3FB33 /* DrivingDetailView.swift */; };
		020441A72A9437BD00B3FB33 /* RoundFilterView.swift in Sources */ = {isa = PBXBuildFile; fileRef = 020441A62A9437BD00B3FB33 /* RoundFilterView.swift */; };
		020441A92A94423100B3FB33 /* StatAnalysisView.swift in Sources */ = {isa = PBXBuildFile; fileRef = 020441A82A94423100B3FB33 /* StatAnalysisView.swift */; };
		020441AC2A9444CA00B3FB33 /* GeneralStatView.swift in Sources */ = {isa = PBXBuildFile; fileRef = 020441AB2A9444CA00B3FB33 /* GeneralStatView.swift */; };
		020441AE2A9444E100B3FB33 /* DrivingStatView.swift in Sources */ = {isa = PBXBuildFile; fileRef = 020441AD2A9444E100B3FB33 /* DrivingStatView.swift */; };
		020441B02A9444EB00B3FB33 /* ApproachStatView.swift in Sources */ = {isa = PBXBuildFile; fileRef = 020441AF2A9444EB00B3FB33 /* ApproachStatView.swift */; };
		020441B22A9444FB00B3FB33 /* PuttingStatView.swift in Sources */ = {isa = PBXBuildFile; fileRef = 020441B12A9444FB00B3FB33 /* PuttingStatView.swift */; };
		020441B42A94450800B3FB33 /* ShortGameStatView.swift in Sources */ = {isa = PBXBuildFile; fileRef = 020441B32A94450800B3FB33 /* ShortGameStatView.swift */; };
		020441B62A94742600B3FB33 /* StatTable.swift in Sources */ = {isa = PBXBuildFile; fileRef = 020441B52A94742600B3FB33 /* StatTable.swift */; };
		020441B82A949CAC00B3FB33 /* DistanceAndLieFilter.swift in Sources */ = {isa = PBXBuildFile; fileRef = 020441B72A949CAC00B3FB33 /* DistanceAndLieFilter.swift */; };
		020441BA2A956D1100B3FB33 /* LoadingAnimation.swift in Sources */ = {isa = PBXBuildFile; fileRef = 020441B92A956D1100B3FB33 /* LoadingAnimation.swift */; };
		020B0FA729F6FCC1001E92E1 /* CenteredSquare.swift in Sources */ = {isa = PBXBuildFile; fileRef = 020B0FA629F6FCC1001E92E1 /* CenteredSquare.swift */; };
		020B0FAA29F9A2C9001E92E1 /* ShotPredictorTests.swift in Sources */ = {isa = PBXBuildFile; fileRef = 020B0FA929F9A2C9001E92E1 /* ShotPredictorTests.swift */; };
		020B0FAC29F9A5C0001E92E1 /* RoundOverviewPage.swift in Sources */ = {isa = PBXBuildFile; fileRef = 020B0FAB29F9A5C0001E92E1 /* RoundOverviewPage.swift */; };
		0222862129DF930700FEBB91 /* TendancyAnalyzer.swift in Sources */ = {isa = PBXBuildFile; fileRef = 0222862029DF930700FEBB91 /* TendancyAnalyzer.swift */; };
		0222862E29E0C2B900FEBB91 /* DistanceTests.swift in Sources */ = {isa = PBXBuildFile; fileRef = 0222862D29E0C2B900FEBB91 /* DistanceTests.swift */; };
		0222863C29E337EF00FEBB91 /* FirebaseAnalytics in Frameworks */ = {isa = PBXBuildFile; productRef = 0222863B29E337EF00FEBB91 /* FirebaseAnalytics */; };
		0222863E29E337EF00FEBB91 /* FirebaseAnalyticsSwift in Frameworks */ = {isa = PBXBuildFile; productRef = 0222863D29E337EF00FEBB91 /* FirebaseAnalyticsSwift */; };
		0222864029E337EF00FEBB91 /* FirebaseAuth in Frameworks */ = {isa = PBXBuildFile; productRef = 0222863F29E337EF00FEBB91 /* FirebaseAuth */; };
		0222864229E337EF00FEBB91 /* FirebaseDatabaseSwift in Frameworks */ = {isa = PBXBuildFile; productRef = 0222864129E337EF00FEBB91 /* FirebaseDatabaseSwift */; };
		0222864429E337EF00FEBB91 /* FirebaseFirestore in Frameworks */ = {isa = PBXBuildFile; productRef = 0222864329E337EF00FEBB91 /* FirebaseFirestore */; };
		0222864629E337EF00FEBB91 /* FirebaseFirestoreSwift in Frameworks */ = {isa = PBXBuildFile; productRef = 0222864529E337EF00FEBB91 /* FirebaseFirestoreSwift */; };
		0222864929E338C300FEBB91 /* SigmaSwiftStatistics in Frameworks */ = {isa = PBXBuildFile; productRef = 0222864829E338C300FEBB91 /* SigmaSwiftStatistics */; };
		0222864B29E338F500FEBB91 /* FirebaseFirestore in Frameworks */ = {isa = PBXBuildFile; productRef = 0222864A29E338F500FEBB91 /* FirebaseFirestore */; };
		0222864D29E338FC00FEBB91 /* FirebaseFirestoreSwift in Frameworks */ = {isa = PBXBuildFile; productRef = 0222864C29E338FC00FEBB91 /* FirebaseFirestoreSwift */; };
		0222864F29E3390200FEBB91 /* FirebaseAnalytics in Frameworks */ = {isa = PBXBuildFile; productRef = 0222864E29E3390200FEBB91 /* FirebaseAnalytics */; };
		0222865129E3390D00FEBB91 /* FirebaseAuth in Frameworks */ = {isa = PBXBuildFile; productRef = 0222865029E3390D00FEBB91 /* FirebaseAuth */; };
		0222865329E34BDD00FEBB91 /* PositionTests.swift in Sources */ = {isa = PBXBuildFile; fileRef = 0222865229E34BDD00FEBB91 /* PositionTests.swift */; };
		0222865629E34DB200FEBB91 /* CourseFilter.swift in Sources */ = {isa = PBXBuildFile; fileRef = 0222865529E34DB200FEBB91 /* CourseFilter.swift */; };
		0222865829E4DDA900FEBB91 /* RoundTests.swift in Sources */ = {isa = PBXBuildFile; fileRef = 0222865729E4DDA900FEBB91 /* RoundTests.swift */; };
		0222865A29E51D6500FEBB91 /* ArrayExtensionTests.swift in Sources */ = {isa = PBXBuildFile; fileRef = 0222865929E51D6500FEBB91 /* ArrayExtensionTests.swift */; };
		0222866929E87F7400FEBB91 /* GolferView.swift in Sources */ = {isa = PBXBuildFile; fileRef = 0222866829E87F7400FEBB91 /* GolferView.swift */; };
		0222866B29E883DF00FEBB91 /* Menu.swift in Sources */ = {isa = PBXBuildFile; fileRef = 0222866A29E883DF00FEBB91 /* Menu.swift */; };
		0222866D29E88E2300FEBB91 /* HotStreak.swift in Sources */ = {isa = PBXBuildFile; fileRef = 0222866C29E88E2300FEBB91 /* HotStreak.swift */; };
		0222866F29E8921000FEBB91 /* HotOrColdView.swift in Sources */ = {isa = PBXBuildFile; fileRef = 0222866E29E8921000FEBB91 /* HotOrColdView.swift */; };
		0222867229E893D700FEBB91 /* IsHot.swift in Sources */ = {isa = PBXBuildFile; fileRef = 0222867129E893D700FEBB91 /* IsHot.swift */; };
		0222867429E8977500FEBB91 /* ThreeState.swift in Sources */ = {isa = PBXBuildFile; fileRef = 0222867329E8977500FEBB91 /* ThreeState.swift */; };
		0222867729E8C2FC00FEBB91 /* RoundViewList.swift in Sources */ = {isa = PBXBuildFile; fileRef = 0222867629E8C2FC00FEBB91 /* RoundViewList.swift */; };
		0222867929E9A3DF00FEBB91 /* RoundInfo.swift in Sources */ = {isa = PBXBuildFile; fileRef = 0222867829E9A3DF00FEBB91 /* RoundInfo.swift */; };
		0222868329EA72F600FEBB91 /* LoginScreen.swift in Sources */ = {isa = PBXBuildFile; fileRef = 0222868229EA72F600FEBB91 /* LoginScreen.swift */; };
		0222868529EA76CD00FEBB91 /* AccountDetails.swift in Sources */ = {isa = PBXBuildFile; fileRef = 0222868429EA76CD00FEBB91 /* AccountDetails.swift */; };
		0222868729ED9B0B00FEBB91 /* ProfileDetails.swift in Sources */ = {isa = PBXBuildFile; fileRef = 0222868629ED9B0B00FEBB91 /* ProfileDetails.swift */; };
		0222868929ED9B8700FEBB91 /* EditableStaticText.swift in Sources */ = {isa = PBXBuildFile; fileRef = 0222868829ED9B8700FEBB91 /* EditableStaticText.swift */; };
		023A74F92AB242E700C63FBB /* RadialBackground.swift in Sources */ = {isa = PBXBuildFile; fileRef = 023A74F82AB242E700C63FBB /* RadialBackground.swift */; };
		0260D1D829D7F25900EFAE79 /* ScorecardView.swift in Sources */ = {isa = PBXBuildFile; fileRef = 0260D1D729D7F25900EFAE79 /* ScorecardView.swift */; };
		0260D1DA29D8D5E000EFAE79 /* HoleButtons.swift in Sources */ = {isa = PBXBuildFile; fileRef = 0260D1D929D8D5E000EFAE79 /* HoleButtons.swift */; };
		0260D1DD29D8D74E00EFAE79 /* IndividualButton.swift in Sources */ = {isa = PBXBuildFile; fileRef = 0260D1DC29D8D74E00EFAE79 /* IndividualButton.swift */; };
		0260D1DF29D8E38200EFAE79 /* PickACourse.swift in Sources */ = {isa = PBXBuildFile; fileRef = 0260D1DE29D8E38200EFAE79 /* PickACourse.swift */; };
		0260D1E229D8E48E00EFAE79 /* CreateCourse.swift in Sources */ = {isa = PBXBuildFile; fileRef = 0260D1E129D8E48E00EFAE79 /* CreateCourse.swift */; };
		0260D1E429D8E74400EFAE79 /* BasicCourseInfo.swift in Sources */ = {isa = PBXBuildFile; fileRef = 0260D1E329D8E74400EFAE79 /* BasicCourseInfo.swift */; };
		0260D1E629D8EAC400EFAE79 /* CourseHoleByHole.swift in Sources */ = {isa = PBXBuildFile; fileRef = 0260D1E529D8EAC400EFAE79 /* CourseHoleByHole.swift */; };
		0260D1E829D8FD3300EFAE79 /* HoleDefiner.swift in Sources */ = {isa = PBXBuildFile; fileRef = 0260D1E729D8FD3300EFAE79 /* HoleDefiner.swift */; };
		0260D1EA29D92EDE00EFAE79 /* RoundPrepView.swift in Sources */ = {isa = PBXBuildFile; fileRef = 0260D1E929D92EDE00EFAE79 /* RoundPrepView.swift */; };
		0260D1EC29DA214400EFAE79 /* RoundSetupView.swift in Sources */ = {isa = PBXBuildFile; fileRef = 0260D1EB29DA214400EFAE79 /* RoundSetupView.swift */; };
		0260D1F029DA74A000EFAE79 /* ScorecardImage.swift in Sources */ = {isa = PBXBuildFile; fileRef = 0260D1EF29DA74A000EFAE79 /* ScorecardImage.swift */; };
		02C7A01529FAE64C00C6E403 /* NumberFormatters.swift in Sources */ = {isa = PBXBuildFile; fileRef = 02C7A01429FAE64C00C6E403 /* NumberFormatters.swift */; };
		02CFCACF2A0024CF00DA7D76 /* PickerAndLabel.swift in Sources */ = {isa = PBXBuildFile; fileRef = 02CFCACE2A0024CF00DA7D76 /* PickerAndLabel.swift */; };
		02CFCAD12A002E1D00DA7D76 /* StringRepresentable.swift in Sources */ = {isa = PBXBuildFile; fileRef = 02CFCAD02A002E1D00DA7D76 /* StringRepresentable.swift */; };
		02CFCAD32A006E4A00DA7D76 /* SpinningCircle.swift in Sources */ = {isa = PBXBuildFile; fileRef = 02CFCAD22A006E4A00DA7D76 /* SpinningCircle.swift */; };
		02CFCAD52A00950200DA7D76 /* CourseSearcher.swift in Sources */ = {isa = PBXBuildFile; fileRef = 02CFCAD42A00950200DA7D76 /* CourseSearcher.swift */; };
		02CFCAD82A09F76F00DA7D76 /* ShotAnalyzer.swift in Sources */ = {isa = PBXBuildFile; fileRef = 02CFCAD72A09F76F00DA7D76 /* ShotAnalyzer.swift */; };
		02CFCADA2A0C383800DA7D76 /* NavigationPopping.swift in Sources */ = {isa = PBXBuildFile; fileRef = 02CFCAD92A0C383800DA7D76 /* NavigationPopping.swift */; };
		02CFCADC2A0C3C6E00DA7D76 /* GoHome.swift in Sources */ = {isa = PBXBuildFile; fileRef = 02CFCADB2A0C3C6E00DA7D76 /* GoHome.swift */; };
		02CFCADE2A0F524B00DA7D76 /* ShotAnalyserTests.swift in Sources */ = {isa = PBXBuildFile; fileRef = 02CFCADD2A0F524B00DA7D76 /* ShotAnalyserTests.swift */; };
		02CFCAE02A10917100DA7D76 /* CourseTests.swift in Sources */ = {isa = PBXBuildFile; fileRef = 02CFCADF2A10917100DA7D76 /* CourseTests.swift */; };
		02D3B9C329C7F2B700541A0E /* OldUserWelcome.swift in Sources */ = {isa = PBXBuildFile; fileRef = 02D3B9C229C7F2B700541A0E /* OldUserWelcome.swift */; };
		02E9DB9B29C0FC2700AA15FA /* _40YardsLeftApp.swift in Sources */ = {isa = PBXBuildFile; fileRef = 02E9DB9A29C0FC2700AA15FA /* _40YardsLeftApp.swift */; };
		02E9DB9D29C0FC2700AA15FA /* ContentView.swift in Sources */ = {isa = PBXBuildFile; fileRef = 02E9DB9C29C0FC2700AA15FA /* ContentView.swift */; };
		02E9DB9F29C0FC2800AA15FA /* Assets.xcassets in Resources */ = {isa = PBXBuildFile; fileRef = 02E9DB9E29C0FC2800AA15FA /* Assets.xcassets */; };
		02E9DBA229C0FC2800AA15FA /* Preview Assets.xcassets in Resources */ = {isa = PBXBuildFile; fileRef = 02E9DBA129C0FC2800AA15FA /* Preview Assets.xcassets */; };
		02F662E32AA1623500FAE679 /* ShotByShotAnalysis.swift in Sources */ = {isa = PBXBuildFile; fileRef = 02F662E22AA1623500FAE679 /* ShotByShotAnalysis.swift */; };
		02F662E52AA2565900FAE679 /* ProfileView.swift in Sources */ = {isa = PBXBuildFile; fileRef = 02F662E42AA2565900FAE679 /* ProfileView.swift */; };
		02F7318B2A11984900CC5925 /* ShotFilters.swift in Sources */ = {isa = PBXBuildFile; fileRef = 02F7318A2A11984900CC5925 /* ShotFilters.swift */; };
		02F7318D2A11A45A00CC5925 /* StrokesGainedGraph.swift in Sources */ = {isa = PBXBuildFile; fileRef = 02F7318C2A11A45A00CC5925 /* StrokesGainedGraph.swift */; };
		02F731902A11B4D600CC5925 /* RoundBasedStats.swift in Sources */ = {isa = PBXBuildFile; fileRef = 02F7318F2A11B4D600CC5925 /* RoundBasedStats.swift */; };
		02F731922A11BA7900CC5925 /* ShotTests.swift in Sources */ = {isa = PBXBuildFile; fileRef = 02F731912A11BA7900CC5925 /* ShotTests.swift */; };
		02FACCAF29C6C5A500B55E6D /* WelcomeScreen.swift in Sources */ = {isa = PBXBuildFile; fileRef = 02FACCAE29C6C5A500B55E6D /* WelcomeScreen.swift */; };
		02FACCB229C6C62E00B55E6D /* WelcomeAnimation.swift in Sources */ = {isa = PBXBuildFile; fileRef = 02FACCB129C6C62E00B55E6D /* WelcomeAnimation.swift */; };
		02FACCB429C6D7D600B55E6D /* NewUserForm.swift in Sources */ = {isa = PBXBuildFile; fileRef = 02FACCB329C6D7D600B55E6D /* NewUserForm.swift */; };
		02FACCB629C6D8FB00B55E6D /* TextFieldWithValiditity.swift in Sources */ = {isa = PBXBuildFile; fileRef = 02FACCB529C6D8FB00B55E6D /* TextFieldWithValiditity.swift */; };
		02FACCB829C6DF9500B55E6D /* TextValiditity.swift in Sources */ = {isa = PBXBuildFile; fileRef = 02FACCB729C6DF9500B55E6D /* TextValiditity.swift */; };
		02FEA16629CCEBE600BCD7A4 /* SizeAnimation.swift in Sources */ = {isa = PBXBuildFile; fileRef = 02FEA16529CCEBE600BCD7A4 /* SizeAnimation.swift */; };
		02FEA16A29CD142700BCD7A4 /* Authenticator.swift in Sources */ = {isa = PBXBuildFile; fileRef = 02FEA16929CD142700BCD7A4 /* Authenticator.swift */; };
		02FEA17729CE93DE00BCD7A4 /* GoogleService-Info.plist in Resources */ = {isa = PBXBuildFile; fileRef = 02FEA17629CE93DE00BCD7A4 /* GoogleService-Info.plist */; };
		02FEA17B29CEC86100BCD7A4 /* LoginError.swift in Sources */ = {isa = PBXBuildFile; fileRef = 02FEA17A29CEC86100BCD7A4 /* LoginError.swift */; };
		02FEA17F29CEC89700BCD7A4 /* ViewScreens.swift in Sources */ = {isa = PBXBuildFile; fileRef = 02FEA17E29CEC89700BCD7A4 /* ViewScreens.swift */; };
		02FEA18329CEC9F100BCD7A4 /* HomeView.swift in Sources */ = {isa = PBXBuildFile; fileRef = 02FEA18229CEC9F100BCD7A4 /* HomeView.swift */; };
		02FEA18729CECA0000BCD7A4 /* RoundView.swift in Sources */ = {isa = PBXBuildFile; fileRef = 02FEA18629CECA0000BCD7A4 /* RoundView.swift */; };
		02FEA18B29CECA0A00BCD7A4 /* StatView.swift in Sources */ = {isa = PBXBuildFile; fileRef = 02FEA18A29CECA0A00BCD7A4 /* StatView.swift */; };
		02FEA19129CECB0E00BCD7A4 /* ImageIcon.swift in Sources */ = {isa = PBXBuildFile; fileRef = 02FEA19029CECB0E00BCD7A4 /* ImageIcon.swift */; };
		02FEA19629CF785C00BCD7A4 /* Golfer.swift in Sources */ = {isa = PBXBuildFile; fileRef = 02FEA19529CF785C00BCD7A4 /* Golfer.swift */; };
		02FEA19A29CF791600BCD7A4 /* Position.swift in Sources */ = {isa = PBXBuildFile; fileRef = 02FEA19929CF791600BCD7A4 /* Position.swift */; };
		02FEA1A229CF7BB500BCD7A4 /* Shot.swift in Sources */ = {isa = PBXBuildFile; fileRef = 02FEA1A129CF7BB500BCD7A4 /* Shot.swift */; };
		02FEA1A629CF7D4700BCD7A4 /* Course.swift in Sources */ = {isa = PBXBuildFile; fileRef = 02FEA1A529CF7D4700BCD7A4 /* Course.swift */; };
		02FEA1AA29CF9BE600BCD7A4 /* Hole.swift in Sources */ = {isa = PBXBuildFile; fileRef = 02FEA1A929CF9BE600BCD7A4 /* Hole.swift */; };
		02FEA1AE29CF9CEA00BCD7A4 /* Round.swift in Sources */ = {isa = PBXBuildFile; fileRef = 02FEA1AD29CF9CEA00BCD7A4 /* Round.swift */; };
		02FEA1B629CFB7E000BCD7A4 /* DatabaseCommunicator.swift in Sources */ = {isa = PBXBuildFile; fileRef = 02FEA1B529CFB7E000BCD7A4 /* DatabaseCommunicator.swift */; };
		02FEA1BB29D0F5F500BCD7A4 /* Encodable.swift in Sources */ = {isa = PBXBuildFile; fileRef = 02FEA1BA29D0F5F500BCD7A4 /* Encodable.swift */; };
		02FEA1C329D1518200BCD7A4 /* SettingsView.swift in Sources */ = {isa = PBXBuildFile; fileRef = 02FEA1C229D1518200BCD7A4 /* SettingsView.swift */; };
		02FEA1C729D3372600BCD7A4 /* RoundEntry.swift in Sources */ = {isa = PBXBuildFile; fileRef = 02FEA1C629D3372600BCD7A4 /* RoundEntry.swift */; };
		02FEA1CC29D3391C00BCD7A4 /* HoleByHole.swift in Sources */ = {isa = PBXBuildFile; fileRef = 02FEA1CB29D3391C00BCD7A4 /* HoleByHole.swift */; };
		02FEA1D129D3424500BCD7A4 /* ShotPredictor.swift in Sources */ = {isa = PBXBuildFile; fileRef = 02FEA1D029D3424500BCD7A4 /* ShotPredictor.swift */; };
		02FEA1D629D3D1F400BCD7A4 /* ShotElement.swift in Sources */ = {isa = PBXBuildFile; fileRef = 02FEA1D529D3D1F400BCD7A4 /* ShotElement.swift */; };
/* End PBXBuildFile section */

/* Begin PBXContainerItemProxy section */
		0222862F29E0C2B900FEBB91 /* PBXContainerItemProxy */ = {
			isa = PBXContainerItemProxy;
			containerPortal = 02E9DB8F29C0FC2700AA15FA /* Project object */;
			proxyType = 1;
			remoteGlobalIDString = 02E9DB9629C0FC2700AA15FA;
			remoteInfo = _40YardsLeft;
		};
/* End PBXContainerItemProxy section */

/* Begin PBXFileReference section */
		0204419A2A8EC7A100B3FB33 /* FocusedAnalysis.swift */ = {isa = PBXFileReference; lastKnownFileType = sourcecode.swift; path = FocusedAnalysis.swift; sourceTree = "<group>"; };
		0204419E2A900BA800B3FB33 /* ApproachAnalysis.swift */ = {isa = PBXFileReference; lastKnownFileType = sourcecode.swift; path = ApproachAnalysis.swift; sourceTree = "<group>"; };
		020441A02A93FA6D00B3FB33 /* ChippingAnalysisView.swift */ = {isa = PBXFileReference; lastKnownFileType = sourcecode.swift; path = ChippingAnalysisView.swift; sourceTree = "<group>"; };
		020441A22A940E0E00B3FB33 /* PuttingDetailView.swift */ = {isa = PBXFileReference; lastKnownFileType = sourcecode.swift; path = PuttingDetailView.swift; sourceTree = "<group>"; };
		020441A42A941A0F00B3FB33 /* DrivingDetailView.swift */ = {isa = PBXFileReference; lastKnownFileType = sourcecode.swift; path = DrivingDetailView.swift; sourceTree = "<group>"; };
		020441A62A9437BD00B3FB33 /* RoundFilterView.swift */ = {isa = PBXFileReference; lastKnownFileType = sourcecode.swift; path = RoundFilterView.swift; sourceTree = "<group>"; };
		020441A82A94423100B3FB33 /* StatAnalysisView.swift */ = {isa = PBXFileReference; lastKnownFileType = sourcecode.swift; path = StatAnalysisView.swift; sourceTree = "<group>"; };
		020441AB2A9444CA00B3FB33 /* GeneralStatView.swift */ = {isa = PBXFileReference; lastKnownFileType = sourcecode.swift; path = GeneralStatView.swift; sourceTree = "<group>"; };
		020441AD2A9444E100B3FB33 /* DrivingStatView.swift */ = {isa = PBXFileReference; lastKnownFileType = sourcecode.swift; path = DrivingStatView.swift; sourceTree = "<group>"; };
		020441AF2A9444EB00B3FB33 /* ApproachStatView.swift */ = {isa = PBXFileReference; lastKnownFileType = sourcecode.swift; path = ApproachStatView.swift; sourceTree = "<group>"; };
		020441B12A9444FB00B3FB33 /* PuttingStatView.swift */ = {isa = PBXFileReference; lastKnownFileType = sourcecode.swift; path = PuttingStatView.swift; sourceTree = "<group>"; };
		020441B32A94450800B3FB33 /* ShortGameStatView.swift */ = {isa = PBXFileReference; lastKnownFileType = sourcecode.swift; path = ShortGameStatView.swift; sourceTree = "<group>"; };
		020441B52A94742600B3FB33 /* StatTable.swift */ = {isa = PBXFileReference; lastKnownFileType = sourcecode.swift; path = StatTable.swift; sourceTree = "<group>"; };
		020441B72A949CAC00B3FB33 /* DistanceAndLieFilter.swift */ = {isa = PBXFileReference; lastKnownFileType = sourcecode.swift; path = DistanceAndLieFilter.swift; sourceTree = "<group>"; };
		020441B92A956D1100B3FB33 /* LoadingAnimation.swift */ = {isa = PBXFileReference; lastKnownFileType = sourcecode.swift; path = LoadingAnimation.swift; sourceTree = "<group>"; };
		020B0FA629F6FCC1001E92E1 /* CenteredSquare.swift */ = {isa = PBXFileReference; lastKnownFileType = sourcecode.swift; path = CenteredSquare.swift; sourceTree = "<group>"; };
		020B0FA929F9A2C9001E92E1 /* ShotPredictorTests.swift */ = {isa = PBXFileReference; lastKnownFileType = sourcecode.swift; path = ShotPredictorTests.swift; sourceTree = "<group>"; };
		020B0FAB29F9A5C0001E92E1 /* RoundOverviewPage.swift */ = {isa = PBXFileReference; lastKnownFileType = sourcecode.swift; path = RoundOverviewPage.swift; sourceTree = "<group>"; };
		0222862029DF930700FEBB91 /* TendancyAnalyzer.swift */ = {isa = PBXFileReference; lastKnownFileType = sourcecode.swift; path = TendancyAnalyzer.swift; sourceTree = "<group>"; };
		0222862B29E0C2B900FEBB91 /* _40YardsLeftTests.xctest */ = {isa = PBXFileReference; explicitFileType = wrapper.cfbundle; includeInIndex = 0; path = _40YardsLeftTests.xctest; sourceTree = BUILT_PRODUCTS_DIR; };
		0222862D29E0C2B900FEBB91 /* DistanceTests.swift */ = {isa = PBXFileReference; lastKnownFileType = sourcecode.swift; path = DistanceTests.swift; sourceTree = "<group>"; };
		0222865229E34BDD00FEBB91 /* PositionTests.swift */ = {isa = PBXFileReference; lastKnownFileType = sourcecode.swift; path = PositionTests.swift; sourceTree = "<group>"; };
		0222865529E34DB200FEBB91 /* CourseFilter.swift */ = {isa = PBXFileReference; lastKnownFileType = sourcecode.swift; path = CourseFilter.swift; sourceTree = "<group>"; };
		0222865729E4DDA900FEBB91 /* RoundTests.swift */ = {isa = PBXFileReference; lastKnownFileType = sourcecode.swift; path = RoundTests.swift; sourceTree = "<group>"; };
		0222865929E51D6500FEBB91 /* ArrayExtensionTests.swift */ = {isa = PBXFileReference; lastKnownFileType = sourcecode.swift; path = ArrayExtensionTests.swift; sourceTree = "<group>"; };
		0222866829E87F7400FEBB91 /* GolferView.swift */ = {isa = PBXFileReference; lastKnownFileType = sourcecode.swift; path = GolferView.swift; sourceTree = "<group>"; };
		0222866A29E883DF00FEBB91 /* Menu.swift */ = {isa = PBXFileReference; lastKnownFileType = sourcecode.swift; path = Menu.swift; sourceTree = "<group>"; };
		0222866C29E88E2300FEBB91 /* HotStreak.swift */ = {isa = PBXFileReference; lastKnownFileType = sourcecode.swift; path = HotStreak.swift; sourceTree = "<group>"; };
		0222866E29E8921000FEBB91 /* HotOrColdView.swift */ = {isa = PBXFileReference; lastKnownFileType = sourcecode.swift; path = HotOrColdView.swift; sourceTree = "<group>"; };
		0222867129E893D700FEBB91 /* IsHot.swift */ = {isa = PBXFileReference; lastKnownFileType = sourcecode.swift; path = IsHot.swift; sourceTree = "<group>"; };
		0222867329E8977500FEBB91 /* ThreeState.swift */ = {isa = PBXFileReference; lastKnownFileType = sourcecode.swift; path = ThreeState.swift; sourceTree = "<group>"; };
		0222867629E8C2FC00FEBB91 /* RoundViewList.swift */ = {isa = PBXFileReference; lastKnownFileType = sourcecode.swift; path = RoundViewList.swift; sourceTree = "<group>"; };
		0222867829E9A3DF00FEBB91 /* RoundInfo.swift */ = {isa = PBXFileReference; lastKnownFileType = sourcecode.swift; path = RoundInfo.swift; sourceTree = "<group>"; };
		0222868229EA72F600FEBB91 /* LoginScreen.swift */ = {isa = PBXFileReference; lastKnownFileType = sourcecode.swift; path = LoginScreen.swift; sourceTree = "<group>"; };
		0222868429EA76CD00FEBB91 /* AccountDetails.swift */ = {isa = PBXFileReference; lastKnownFileType = sourcecode.swift; path = AccountDetails.swift; sourceTree = "<group>"; };
		0222868629ED9B0B00FEBB91 /* ProfileDetails.swift */ = {isa = PBXFileReference; lastKnownFileType = sourcecode.swift; path = ProfileDetails.swift; sourceTree = "<group>"; };
		0222868829ED9B8700FEBB91 /* EditableStaticText.swift */ = {isa = PBXFileReference; lastKnownFileType = sourcecode.swift; path = EditableStaticText.swift; sourceTree = "<group>"; };
		023A74F82AB242E700C63FBB /* RadialBackground.swift */ = {isa = PBXFileReference; lastKnownFileType = sourcecode.swift; path = RadialBackground.swift; sourceTree = "<group>"; };
		0260D1D729D7F25900EFAE79 /* ScorecardView.swift */ = {isa = PBXFileReference; lastKnownFileType = sourcecode.swift; path = ScorecardView.swift; sourceTree = "<group>"; };
		0260D1D929D8D5E000EFAE79 /* HoleButtons.swift */ = {isa = PBXFileReference; lastKnownFileType = sourcecode.swift; path = HoleButtons.swift; sourceTree = "<group>"; };
		0260D1DC29D8D74E00EFAE79 /* IndividualButton.swift */ = {isa = PBXFileReference; lastKnownFileType = sourcecode.swift; path = IndividualButton.swift; sourceTree = "<group>"; };
		0260D1DE29D8E38200EFAE79 /* PickACourse.swift */ = {isa = PBXFileReference; lastKnownFileType = sourcecode.swift; path = PickACourse.swift; sourceTree = "<group>"; };
		0260D1E129D8E48E00EFAE79 /* CreateCourse.swift */ = {isa = PBXFileReference; lastKnownFileType = sourcecode.swift; path = CreateCourse.swift; sourceTree = "<group>"; };
		0260D1E329D8E74400EFAE79 /* BasicCourseInfo.swift */ = {isa = PBXFileReference; lastKnownFileType = sourcecode.swift; path = BasicCourseInfo.swift; sourceTree = "<group>"; };
		0260D1E529D8EAC400EFAE79 /* CourseHoleByHole.swift */ = {isa = PBXFileReference; lastKnownFileType = sourcecode.swift; path = CourseHoleByHole.swift; sourceTree = "<group>"; };
		0260D1E729D8FD3300EFAE79 /* HoleDefiner.swift */ = {isa = PBXFileReference; lastKnownFileType = sourcecode.swift; path = HoleDefiner.swift; sourceTree = "<group>"; };
		0260D1E929D92EDE00EFAE79 /* RoundPrepView.swift */ = {isa = PBXFileReference; lastKnownFileType = sourcecode.swift; path = RoundPrepView.swift; sourceTree = "<group>"; };
		0260D1EB29DA214400EFAE79 /* RoundSetupView.swift */ = {isa = PBXFileReference; lastKnownFileType = sourcecode.swift; path = RoundSetupView.swift; sourceTree = "<group>"; };
		0260D1EF29DA74A000EFAE79 /* ScorecardImage.swift */ = {isa = PBXFileReference; lastKnownFileType = sourcecode.swift; path = ScorecardImage.swift; sourceTree = "<group>"; };
		02C7A01429FAE64C00C6E403 /* NumberFormatters.swift */ = {isa = PBXFileReference; lastKnownFileType = sourcecode.swift; path = NumberFormatters.swift; sourceTree = "<group>"; };
		02CFCACE2A0024CF00DA7D76 /* PickerAndLabel.swift */ = {isa = PBXFileReference; lastKnownFileType = sourcecode.swift; path = PickerAndLabel.swift; sourceTree = "<group>"; };
		02CFCAD02A002E1D00DA7D76 /* StringRepresentable.swift */ = {isa = PBXFileReference; lastKnownFileType = sourcecode.swift; path = StringRepresentable.swift; sourceTree = "<group>"; };
		02CFCAD22A006E4A00DA7D76 /* SpinningCircle.swift */ = {isa = PBXFileReference; lastKnownFileType = sourcecode.swift; path = SpinningCircle.swift; sourceTree = "<group>"; };
		02CFCAD42A00950200DA7D76 /* CourseSearcher.swift */ = {isa = PBXFileReference; lastKnownFileType = sourcecode.swift; path = CourseSearcher.swift; sourceTree = "<group>"; };
		02CFCAD72A09F76F00DA7D76 /* ShotAnalyzer.swift */ = {isa = PBXFileReference; lastKnownFileType = sourcecode.swift; path = ShotAnalyzer.swift; sourceTree = "<group>"; };
		02CFCAD92A0C383800DA7D76 /* NavigationPopping.swift */ = {isa = PBXFileReference; lastKnownFileType = sourcecode.swift; path = NavigationPopping.swift; sourceTree = "<group>"; };
		02CFCADB2A0C3C6E00DA7D76 /* GoHome.swift */ = {isa = PBXFileReference; lastKnownFileType = sourcecode.swift; path = GoHome.swift; sourceTree = "<group>"; };
		02CFCADD2A0F524B00DA7D76 /* ShotAnalyserTests.swift */ = {isa = PBXFileReference; lastKnownFileType = sourcecode.swift; path = ShotAnalyserTests.swift; sourceTree = "<group>"; };
		02CFCADF2A10917100DA7D76 /* CourseTests.swift */ = {isa = PBXFileReference; lastKnownFileType = sourcecode.swift; path = CourseTests.swift; sourceTree = "<group>"; };
		02D3B9C229C7F2B700541A0E /* OldUserWelcome.swift */ = {isa = PBXFileReference; lastKnownFileType = sourcecode.swift; path = OldUserWelcome.swift; sourceTree = "<group>"; };
		02E9DB9729C0FC2700AA15FA /* _40YardsLeft.app */ = {isa = PBXFileReference; explicitFileType = wrapper.application; includeInIndex = 0; path = _40YardsLeft.app; sourceTree = BUILT_PRODUCTS_DIR; };
		02E9DB9A29C0FC2700AA15FA /* _40YardsLeftApp.swift */ = {isa = PBXFileReference; lastKnownFileType = sourcecode.swift; path = _40YardsLeftApp.swift; sourceTree = "<group>"; };
		02E9DB9C29C0FC2700AA15FA /* ContentView.swift */ = {isa = PBXFileReference; lastKnownFileType = sourcecode.swift; path = ContentView.swift; sourceTree = "<group>"; };
		02E9DB9E29C0FC2800AA15FA /* Assets.xcassets */ = {isa = PBXFileReference; lastKnownFileType = folder.assetcatalog; path = Assets.xcassets; sourceTree = "<group>"; };
		02E9DBA129C0FC2800AA15FA /* Preview Assets.xcassets */ = {isa = PBXFileReference; lastKnownFileType = folder.assetcatalog; path = "Preview Assets.xcassets"; sourceTree = "<group>"; };
		02F662E22AA1623500FAE679 /* ShotByShotAnalysis.swift */ = {isa = PBXFileReference; lastKnownFileType = sourcecode.swift; path = ShotByShotAnalysis.swift; sourceTree = "<group>"; };
		02F662E42AA2565900FAE679 /* ProfileView.swift */ = {isa = PBXFileReference; lastKnownFileType = sourcecode.swift; path = ProfileView.swift; sourceTree = "<group>"; };
		02F7318A2A11984900CC5925 /* ShotFilters.swift */ = {isa = PBXFileReference; lastKnownFileType = sourcecode.swift; path = ShotFilters.swift; sourceTree = "<group>"; };
		02F7318C2A11A45A00CC5925 /* StrokesGainedGraph.swift */ = {isa = PBXFileReference; lastKnownFileType = sourcecode.swift; path = StrokesGainedGraph.swift; sourceTree = "<group>"; };
		02F7318F2A11B4D600CC5925 /* RoundBasedStats.swift */ = {isa = PBXFileReference; lastKnownFileType = sourcecode.swift; path = RoundBasedStats.swift; sourceTree = "<group>"; };
		02F731912A11BA7900CC5925 /* ShotTests.swift */ = {isa = PBXFileReference; lastKnownFileType = sourcecode.swift; path = ShotTests.swift; sourceTree = "<group>"; };
		02FACCAE29C6C5A500B55E6D /* WelcomeScreen.swift */ = {isa = PBXFileReference; lastKnownFileType = sourcecode.swift; path = WelcomeScreen.swift; sourceTree = "<group>"; };
		02FACCB129C6C62E00B55E6D /* WelcomeAnimation.swift */ = {isa = PBXFileReference; lastKnownFileType = sourcecode.swift; path = WelcomeAnimation.swift; sourceTree = "<group>"; };
		02FACCB329C6D7D600B55E6D /* NewUserForm.swift */ = {isa = PBXFileReference; lastKnownFileType = sourcecode.swift; path = NewUserForm.swift; sourceTree = "<group>"; };
		02FACCB529C6D8FB00B55E6D /* TextFieldWithValiditity.swift */ = {isa = PBXFileReference; lastKnownFileType = sourcecode.swift; path = TextFieldWithValiditity.swift; sourceTree = "<group>"; };
		02FACCB729C6DF9500B55E6D /* TextValiditity.swift */ = {isa = PBXFileReference; lastKnownFileType = sourcecode.swift; path = TextValiditity.swift; sourceTree = "<group>"; };
		02FEA16529CCEBE600BCD7A4 /* SizeAnimation.swift */ = {isa = PBXFileReference; lastKnownFileType = sourcecode.swift; path = SizeAnimation.swift; sourceTree = "<group>"; };
		02FEA16929CD142700BCD7A4 /* Authenticator.swift */ = {isa = PBXFileReference; lastKnownFileType = sourcecode.swift; path = Authenticator.swift; sourceTree = "<group>"; };
		02FEA17629CE93DE00BCD7A4 /* GoogleService-Info.plist */ = {isa = PBXFileReference; fileEncoding = 4; lastKnownFileType = text.plist.xml; name = "GoogleService-Info.plist"; path = "../../../../Downloads/GoogleService-Info.plist"; sourceTree = "<group>"; };
		02FEA17A29CEC86100BCD7A4 /* LoginError.swift */ = {isa = PBXFileReference; lastKnownFileType = sourcecode.swift; path = LoginError.swift; sourceTree = "<group>"; };
		02FEA17E29CEC89700BCD7A4 /* ViewScreens.swift */ = {isa = PBXFileReference; lastKnownFileType = sourcecode.swift; path = ViewScreens.swift; sourceTree = "<group>"; };
		02FEA18229CEC9F100BCD7A4 /* HomeView.swift */ = {isa = PBXFileReference; lastKnownFileType = sourcecode.swift; path = HomeView.swift; sourceTree = "<group>"; };
		02FEA18629CECA0000BCD7A4 /* RoundView.swift */ = {isa = PBXFileReference; lastKnownFileType = sourcecode.swift; path = RoundView.swift; sourceTree = "<group>"; };
		02FEA18A29CECA0A00BCD7A4 /* StatView.swift */ = {isa = PBXFileReference; lastKnownFileType = sourcecode.swift; path = StatView.swift; sourceTree = "<group>"; };
		02FEA19029CECB0E00BCD7A4 /* ImageIcon.swift */ = {isa = PBXFileReference; lastKnownFileType = sourcecode.swift; path = ImageIcon.swift; sourceTree = "<group>"; };
		02FEA19529CF785C00BCD7A4 /* Golfer.swift */ = {isa = PBXFileReference; lastKnownFileType = sourcecode.swift; path = Golfer.swift; sourceTree = "<group>"; };
		02FEA19929CF791600BCD7A4 /* Position.swift */ = {isa = PBXFileReference; lastKnownFileType = sourcecode.swift; path = Position.swift; sourceTree = "<group>"; };
		02FEA1A129CF7BB500BCD7A4 /* Shot.swift */ = {isa = PBXFileReference; lastKnownFileType = sourcecode.swift; path = Shot.swift; sourceTree = "<group>"; };
		02FEA1A529CF7D4700BCD7A4 /* Course.swift */ = {isa = PBXFileReference; lastKnownFileType = sourcecode.swift; path = Course.swift; sourceTree = "<group>"; };
		02FEA1A929CF9BE600BCD7A4 /* Hole.swift */ = {isa = PBXFileReference; lastKnownFileType = sourcecode.swift; path = Hole.swift; sourceTree = "<group>"; };
		02FEA1AD29CF9CEA00BCD7A4 /* Round.swift */ = {isa = PBXFileReference; lastKnownFileType = sourcecode.swift; path = Round.swift; sourceTree = "<group>"; };
		02FEA1B529CFB7E000BCD7A4 /* DatabaseCommunicator.swift */ = {isa = PBXFileReference; lastKnownFileType = sourcecode.swift; path = DatabaseCommunicator.swift; sourceTree = "<group>"; };
		02FEA1BA29D0F5F500BCD7A4 /* Encodable.swift */ = {isa = PBXFileReference; lastKnownFileType = sourcecode.swift; path = Encodable.swift; sourceTree = "<group>"; };
		02FEA1C229D1518200BCD7A4 /* SettingsView.swift */ = {isa = PBXFileReference; lastKnownFileType = sourcecode.swift; path = SettingsView.swift; sourceTree = "<group>"; };
		02FEA1C629D3372600BCD7A4 /* RoundEntry.swift */ = {isa = PBXFileReference; lastKnownFileType = sourcecode.swift; path = RoundEntry.swift; sourceTree = "<group>"; };
		02FEA1CB29D3391C00BCD7A4 /* HoleByHole.swift */ = {isa = PBXFileReference; lastKnownFileType = sourcecode.swift; path = HoleByHole.swift; sourceTree = "<group>"; };
		02FEA1D029D3424500BCD7A4 /* ShotPredictor.swift */ = {isa = PBXFileReference; lastKnownFileType = sourcecode.swift; path = ShotPredictor.swift; sourceTree = "<group>"; };
		02FEA1D529D3D1F400BCD7A4 /* ShotElement.swift */ = {isa = PBXFileReference; lastKnownFileType = sourcecode.swift; path = ShotElement.swift; sourceTree = "<group>"; };
/* End PBXFileReference section */

/* Begin PBXFrameworksBuildPhase section */
		0222862829E0C2B900FEBB91 /* Frameworks */ = {
			isa = PBXFrameworksBuildPhase;
			buildActionMask = 2147483647;
			files = (
				0222864B29E338F500FEBB91 /* FirebaseFirestore in Frameworks */,
				0222864D29E338FC00FEBB91 /* FirebaseFirestoreSwift in Frameworks */,
				0222864F29E3390200FEBB91 /* FirebaseAnalytics in Frameworks */,
				0222865129E3390D00FEBB91 /* FirebaseAuth in Frameworks */,
			);
			runOnlyForDeploymentPostprocessing = 0;
		};
		02E9DB9429C0FC2700AA15FA /* Frameworks */ = {
			isa = PBXFrameworksBuildPhase;
			buildActionMask = 2147483647;
			files = (
				0222864229E337EF00FEBB91 /* FirebaseDatabaseSwift in Frameworks */,
				0222863E29E337EF00FEBB91 /* FirebaseAnalyticsSwift in Frameworks */,
				0222864029E337EF00FEBB91 /* FirebaseAuth in Frameworks */,
				0222864429E337EF00FEBB91 /* FirebaseFirestore in Frameworks */,
				0222864929E338C300FEBB91 /* SigmaSwiftStatistics in Frameworks */,
				0222863C29E337EF00FEBB91 /* FirebaseAnalytics in Frameworks */,
				0222864629E337EF00FEBB91 /* FirebaseFirestoreSwift in Frameworks */,
			);
			runOnlyForDeploymentPostprocessing = 0;
		};
/* End PBXFrameworksBuildPhase section */

/* Begin PBXGroup section */
		0204419C2A900B5800B3FB33 /* ShotTypeAnaylsis */ = {
			isa = PBXGroup;
			children = (
				0204419E2A900BA800B3FB33 /* ApproachAnalysis.swift */,
				020441A02A93FA6D00B3FB33 /* ChippingAnalysisView.swift */,
				020441A22A940E0E00B3FB33 /* PuttingDetailView.swift */,
				020441A42A941A0F00B3FB33 /* DrivingDetailView.swift */,
			);
			path = ShotTypeAnaylsis;
			sourceTree = "<group>";
		};
		020441AA2A94434D00B3FB33 /* SpecificAnalysisViews */ = {
			isa = PBXGroup;
			children = (
				020441AB2A9444CA00B3FB33 /* GeneralStatView.swift */,
				020441AD2A9444E100B3FB33 /* DrivingStatView.swift */,
				020441AF2A9444EB00B3FB33 /* ApproachStatView.swift */,
				020441B12A9444FB00B3FB33 /* PuttingStatView.swift */,
				020441B32A94450800B3FB33 /* ShortGameStatView.swift */,
				020441B72A949CAC00B3FB33 /* DistanceAndLieFilter.swift */,
			);
			path = SpecificAnalysisViews;
			sourceTree = "<group>";
		};
		020B0FA829F9A283001E92E1 /* ShotPredictorTests */ = {
			isa = PBXGroup;
			children = (
				020B0FA929F9A2C9001E92E1 /* ShotPredictorTests.swift */,
			);
			path = ShotPredictorTests;
			sourceTree = "<group>";
		};
		0222861F29DF92E000FEBB91 /* DataAnaylsis */ = {
			isa = PBXGroup;
			children = (
				0222862029DF930700FEBB91 /* TendancyAnalyzer.swift */,
				02FEA1D029D3424500BCD7A4 /* ShotPredictor.swift */,
				02CFCAD72A09F76F00DA7D76 /* ShotAnalyzer.swift */,
				02F7318A2A11984900CC5925 /* ShotFilters.swift */,
			);
			path = DataAnaylsis;
			sourceTree = "<group>";
		};
		0222862C29E0C2B900FEBB91 /* _40YardsLeftTests */ = {
			isa = PBXGroup;
			children = (
				0222868C29EDABFB00FEBB91 /* DataAnalysisTests */,
				0222868B29EDABDC00FEBB91 /* ExtensionsTests */,
				0222868A29EDABBE00FEBB91 /* GolferObjectTests */,
			);
			path = _40YardsLeftTests;
			sourceTree = "<group>";
		};
		0222863429E3361A00FEBB91 /* Frameworks */ = {
			isa = PBXGroup;
			children = (
			);
			name = Frameworks;
			sourceTree = "<group>";
		};
		0222865429E34D6E00FEBB91 /* PickingCourseHelper */ = {
			isa = PBXGroup;
			children = (
				0222865529E34DB200FEBB91 /* CourseFilter.swift */,
				02CFCAD42A00950200DA7D76 /* CourseSearcher.swift */,
			);
			path = PickingCourseHelper;
			sourceTree = "<group>";
		};
		0222866729E87F5F00FEBB91 /* GolferAtAGlance */ = {
			isa = PBXGroup;
			children = (
				0222866829E87F7400FEBB91 /* GolferView.swift */,
				0222866C29E88E2300FEBB91 /* HotStreak.swift */,
				0222866A29E883DF00FEBB91 /* Menu.swift */,
			);
			path = GolferAtAGlance;
			sourceTree = "<group>";
		};
		0222867029E8921A00FEBB91 /* ViewHelpers */ = {
			isa = PBXGroup;
			children = (
				02FEA17A29CEC86100BCD7A4 /* LoginError.swift */,
				020441B92A956D1100B3FB33 /* LoadingAnimation.swift */,
				02CFCADB2A0C3C6E00DA7D76 /* GoHome.swift */,
				0222866E29E8921000FEBB91 /* HotOrColdView.swift */,
				0222868829ED9B8700FEBB91 /* EditableStaticText.swift */,
				02FACCB529C6D8FB00B55E6D /* TextFieldWithValiditity.swift */,
				020B0FA629F6FCC1001E92E1 /* CenteredSquare.swift */,
				02C7A01429FAE64C00C6E403 /* NumberFormatters.swift */,
				02CFCACE2A0024CF00DA7D76 /* PickerAndLabel.swift */,
				02CFCAD22A006E4A00DA7D76 /* SpinningCircle.swift */,
				02CFCAD92A0C383800DA7D76 /* NavigationPopping.swift */,
			);
			path = ViewHelpers;
			sourceTree = "<group>";
		};
		0222867529E8C2EE00FEBB91 /* RoundViewHelpers */ = {
			isa = PBXGroup;
			children = (
				0222867629E8C2FC00FEBB91 /* RoundViewList.swift */,
				0222867829E9A3DF00FEBB91 /* RoundInfo.swift */,
			);
			path = RoundViewHelpers;
			sourceTree = "<group>";
		};
		0222868129EA6C9000FEBB91 /* SettingsHelpers */ = {
			isa = PBXGroup;
			children = (
				0222868429EA76CD00FEBB91 /* AccountDetails.swift */,
				0222868629ED9B0B00FEBB91 /* ProfileDetails.swift */,
			);
			path = SettingsHelpers;
			sourceTree = "<group>";
		};
		0222868A29EDABBE00FEBB91 /* GolferObjectTests */ = {
			isa = PBXGroup;
			children = (
				020B0FA829F9A283001E92E1 /* ShotPredictorTests */,
				0222865229E34BDD00FEBB91 /* PositionTests.swift */,
				02F731912A11BA7900CC5925 /* ShotTests.swift */,
				02CFCADF2A10917100DA7D76 /* CourseTests.swift */,
				0222865729E4DDA900FEBB91 /* RoundTests.swift */,
				0222862D29E0C2B900FEBB91 /* DistanceTests.swift */,
			);
			path = GolferObjectTests;
			sourceTree = "<group>";
		};
		0222868B29EDABDC00FEBB91 /* ExtensionsTests */ = {
			isa = PBXGroup;
			children = (
				0222865929E51D6500FEBB91 /* ArrayExtensionTests.swift */,
			);
			path = ExtensionsTests;
			sourceTree = "<group>";
		};
		0222868C29EDABFB00FEBB91 /* DataAnalysisTests */ = {
			isa = PBXGroup;
			children = (
				02CFCADD2A0F524B00DA7D76 /* ShotAnalyserTests.swift */,
			);
			path = DataAnalysisTests;
			sourceTree = "<group>";
		};
		0260D1DB29D8D73B00EFAE79 /* ScoreCardHelpers */ = {
			isa = PBXGroup;
			children = (
				0260D1D929D8D5E000EFAE79 /* HoleButtons.swift */,
				0260D1DC29D8D74E00EFAE79 /* IndividualButton.swift */,
				0260D1EF29DA74A000EFAE79 /* ScorecardImage.swift */,
			);
			path = ScoreCardHelpers;
			sourceTree = "<group>";
		};
		0260D1E029D8E46900EFAE79 /* RoundEntry */ = {
			isa = PBXGroup;
			children = (
				0260D1DE29D8E38200EFAE79 /* PickACourse.swift */,
				0222865429E34D6E00FEBB91 /* PickingCourseHelper */,
				0260D1ED29DA24DA00EFAE79 /* RoundSetup */,
				0260D1EE29DA24FA00EFAE79 /* CreateCourse */,
			);
			path = RoundEntry;
			sourceTree = "<group>";
		};
		0260D1ED29DA24DA00EFAE79 /* RoundSetup */ = {
			isa = PBXGroup;
			children = (
				0260D1EB29DA214400EFAE79 /* RoundSetupView.swift */,
				0260D1E929D92EDE00EFAE79 /* RoundPrepView.swift */,
				0260D1E529D8EAC400EFAE79 /* CourseHoleByHole.swift */,
				0260D1E729D8FD3300EFAE79 /* HoleDefiner.swift */,
			);
			path = RoundSetup;
			sourceTree = "<group>";
		};
		0260D1EE29DA24FA00EFAE79 /* CreateCourse */ = {
			isa = PBXGroup;
			children = (
				0260D1E129D8E48E00EFAE79 /* CreateCourse.swift */,
				0260D1E329D8E74400EFAE79 /* BasicCourseInfo.swift */,
			);
			path = CreateCourse;
			sourceTree = "<group>";
		};
		02CFCAD62A037B0900DA7D76 /* StatViewHelpers */ = {
			isa = PBXGroup;
			children = (
				02F7318C2A11A45A00CC5925 /* StrokesGainedGraph.swift */,
				020441A82A94423100B3FB33 /* StatAnalysisView.swift */,
				020441AA2A94434D00B3FB33 /* SpecificAnalysisViews */,
				020441A62A9437BD00B3FB33 /* RoundFilterView.swift */,
				020441B52A94742600B3FB33 /* StatTable.swift */,
				0204419A2A8EC7A100B3FB33 /* FocusedAnalysis.swift */,
				0204419C2A900B5800B3FB33 /* ShotTypeAnaylsis */,
			);
			path = StatViewHelpers;
			sourceTree = "<group>";
		};
		02E9DB8E29C0FC2700AA15FA = {
			isa = PBXGroup;
			children = (
				02E9DB9929C0FC2700AA15FA /* _40YardsLeft */,
				0222862C29E0C2B900FEBB91 /* _40YardsLeftTests */,
				02E9DB9829C0FC2700AA15FA /* Products */,
				0222863429E3361A00FEBB91 /* Frameworks */,
			);
			sourceTree = "<group>";
		};
		02E9DB9829C0FC2700AA15FA /* Products */ = {
			isa = PBXGroup;
			children = (
				02E9DB9729C0FC2700AA15FA /* _40YardsLeft.app */,
				0222862B29E0C2B900FEBB91 /* _40YardsLeftTests.xctest */,
			);
			name = Products;
			sourceTree = "<group>";
		};
		02E9DB9929C0FC2700AA15FA /* _40YardsLeft */ = {
			isa = PBXGroup;
			children = (
				02E9DB9A29C0FC2700AA15FA /* _40YardsLeftApp.swift */,
				02E9DB9C29C0FC2700AA15FA /* ContentView.swift */,
				02FACCB929C6DFDD00B55E6D /* Views */,
				02E9DBCA29C0FCC400AA15FA /* Models */,
				02E9DB9E29C0FC2800AA15FA /* Assets.xcassets */,
				02FEA17629CE93DE00BCD7A4 /* GoogleService-Info.plist */,
				02E9DBA029C0FC2800AA15FA /* Preview Content */,
			);
			path = _40YardsLeft;
			sourceTree = "<group>";
		};
		02E9DBA029C0FC2800AA15FA /* Preview Content */ = {
			isa = PBXGroup;
			children = (
				02E9DBA129C0FC2800AA15FA /* Preview Assets.xcassets */,
			);
			path = "Preview Content";
			sourceTree = "<group>";
		};
		02E9DBCA29C0FCC400AA15FA /* Models */ = {
			isa = PBXGroup;
			children = (
				0222861F29DF92E000FEBB91 /* DataAnaylsis */,
				02FEA1B929CFB7E600BCD7A4 /* FirebaseTools */,
				02FEA1CF29D33BCB00BCD7A4 /* ViewTools */,
				02FEA19429CF757700BCD7A4 /* ObjectModels */,
			);
			path = Models;
			sourceTree = "<group>";
		};
		02F7318E2A11B4C600CC5925 /* RoundOverviewHelpers */ = {
			isa = PBXGroup;
			children = (
				02F7318F2A11B4D600CC5925 /* RoundBasedStats.swift */,
				02F662E22AA1623500FAE679 /* ShotByShotAnalysis.swift */,
			);
			path = RoundOverviewHelpers;
			sourceTree = "<group>";
		};
		02FACCB029C6C61500B55E6D /* WelcomeScreenChildren */ = {
			isa = PBXGroup;
			children = (
				02FACCB129C6C62E00B55E6D /* WelcomeAnimation.swift */,
				023A74F82AB242E700C63FBB /* RadialBackground.swift */,
				0222868229EA72F600FEBB91 /* LoginScreen.swift */,
				02FEA16429CCEBCF00BCD7A4 /* WelcomeAnimationProperties */,
				02D3B9C229C7F2B700541A0E /* OldUserWelcome.swift */,
				02FACCB329C6D7D600B55E6D /* NewUserForm.swift */,
			);
			path = WelcomeScreenChildren;
			sourceTree = "<group>";
		};
		02FACCB929C6DFDD00B55E6D /* Views */ = {
			isa = PBXGroup;
			children = (
				02FEA18229CEC9F100BCD7A4 /* HomeView.swift */,
				0222867029E8921A00FEBB91 /* ViewHelpers */,
				02FEA18F29CECAFB00BCD7A4 /* TabViewChildren */,
				02FEA18E29CECAAA00BCD7A4 /* TabViews */,
				02FACCAE29C6C5A500B55E6D /* WelcomeScreen.swift */,
				02FACCB029C6C61500B55E6D /* WelcomeScreenChildren */,
			);
			path = Views;
			sourceTree = "<group>";
		};
		02FEA16429CCEBCF00BCD7A4 /* WelcomeAnimationProperties */ = {
			isa = PBXGroup;
			children = (
				02FEA16529CCEBE600BCD7A4 /* SizeAnimation.swift */,
			);
			path = WelcomeAnimationProperties;
			sourceTree = "<group>";
		};
		02FEA18E29CECAAA00BCD7A4 /* TabViews */ = {
			isa = PBXGroup;
			children = (
				0222866729E87F5F00FEBB91 /* GolferAtAGlance */,
				02FEA18629CECA0000BCD7A4 /* RoundView.swift */,
				0222867529E8C2EE00FEBB91 /* RoundViewHelpers */,
				02FEA1C629D3372600BCD7A4 /* RoundEntry.swift */,
				02FEA1CA29D3373B00BCD7A4 /* RoundEntryTools  */,
				02FEA1C229D1518200BCD7A4 /* SettingsView.swift */,
				0222868129EA6C9000FEBB91 /* SettingsHelpers */,
				02FEA18A29CECA0A00BCD7A4 /* StatView.swift */,
				02CFCAD62A037B0900DA7D76 /* StatViewHelpers */,
				02F662E42AA2565900FAE679 /* ProfileView.swift */,
			);
			path = TabViews;
			sourceTree = "<group>";
		};
		02FEA18F29CECAFB00BCD7A4 /* TabViewChildren */ = {
			isa = PBXGroup;
			children = (
				02FEA19029CECB0E00BCD7A4 /* ImageIcon.swift */,
			);
			path = TabViewChildren;
			sourceTree = "<group>";
		};
		02FEA19429CF757700BCD7A4 /* ObjectModels */ = {
			isa = PBXGroup;
			children = (
				02FEA1BA29D0F5F500BCD7A4 /* Encodable.swift */,
				02FEA19529CF785C00BCD7A4 /* Golfer.swift */,
				02FEA19929CF791600BCD7A4 /* Position.swift */,
				02FEA1AD29CF9CEA00BCD7A4 /* Round.swift */,
				02FEA1A929CF9BE600BCD7A4 /* Hole.swift */,
				02FEA1A129CF7BB500BCD7A4 /* Shot.swift */,
				02FEA1A529CF7D4700BCD7A4 /* Course.swift */,
			);
			path = ObjectModels;
			sourceTree = "<group>";
		};
		02FEA1B929CFB7E600BCD7A4 /* FirebaseTools */ = {
			isa = PBXGroup;
			children = (
				02FEA16929CD142700BCD7A4 /* Authenticator.swift */,
				02FEA1B529CFB7E000BCD7A4 /* DatabaseCommunicator.swift */,
			);
			path = FirebaseTools;
			sourceTree = "<group>";
		};
		02FEA1CA29D3373B00BCD7A4 /* RoundEntryTools  */ = {
			isa = PBXGroup;
			children = (
				0260D1E029D8E46900EFAE79 /* RoundEntry */,
				02FEA1D529D3D1F400BCD7A4 /* ShotElement.swift */,
				02FEA1CB29D3391C00BCD7A4 /* HoleByHole.swift */,
				020B0FAB29F9A5C0001E92E1 /* RoundOverviewPage.swift */,
				02F7318E2A11B4C600CC5925 /* RoundOverviewHelpers */,
				0260D1D729D7F25900EFAE79 /* ScorecardView.swift */,
				0260D1DB29D8D73B00EFAE79 /* ScoreCardHelpers */,
			);
			path = "RoundEntryTools ";
			sourceTree = "<group>";
		};
		02FEA1CF29D33BCB00BCD7A4 /* ViewTools */ = {
			isa = PBXGroup;
			children = (
				02FACCB729C6DF9500B55E6D /* TextValiditity.swift */,
				02CFCAD02A002E1D00DA7D76 /* StringRepresentable.swift */,
				0222867129E893D700FEBB91 /* IsHot.swift */,
				0222867329E8977500FEBB91 /* ThreeState.swift */,
				02FEA17E29CEC89700BCD7A4 /* ViewScreens.swift */,
			);
			path = ViewTools;
			sourceTree = "<group>";
		};
/* End PBXGroup section */

/* Begin PBXNativeTarget section */
		0222862A29E0C2B900FEBB91 /* _40YardsLeftTests */ = {
			isa = PBXNativeTarget;
			buildConfigurationList = 0222863129E0C2B900FEBB91 /* Build configuration list for PBXNativeTarget "_40YardsLeftTests" */;
			buildPhases = (
				0222862729E0C2B900FEBB91 /* Sources */,
				0222862829E0C2B900FEBB91 /* Frameworks */,
				0222862929E0C2B900FEBB91 /* Resources */,
			);
			buildRules = (
			);
			dependencies = (
				0222863029E0C2B900FEBB91 /* PBXTargetDependency */,
			);
			name = _40YardsLeftTests;
			packageProductDependencies = (
				0222864A29E338F500FEBB91 /* FirebaseFirestore */,
				0222864C29E338FC00FEBB91 /* FirebaseFirestoreSwift */,
				0222864E29E3390200FEBB91 /* FirebaseAnalytics */,
				0222865029E3390D00FEBB91 /* FirebaseAuth */,
			);
			productName = _40YardsLeftTests;
			productReference = 0222862B29E0C2B900FEBB91 /* _40YardsLeftTests.xctest */;
			productType = "com.apple.product-type.bundle.unit-test";
		};
		02E9DB9629C0FC2700AA15FA /* _40YardsLeft */ = {
			isa = PBXNativeTarget;
			buildConfigurationList = 02E9DBC129C0FC2800AA15FA /* Build configuration list for PBXNativeTarget "_40YardsLeft" */;
			buildPhases = (
				02E9DB9329C0FC2700AA15FA /* Sources */,
				02E9DB9429C0FC2700AA15FA /* Frameworks */,
				02E9DB9529C0FC2700AA15FA /* Resources */,
			);
			buildRules = (
			);
			dependencies = (
			);
			name = _40YardsLeft;
			packageProductDependencies = (
				0222863B29E337EF00FEBB91 /* FirebaseAnalytics */,
				0222863D29E337EF00FEBB91 /* FirebaseAnalyticsSwift */,
				0222863F29E337EF00FEBB91 /* FirebaseAuth */,
				0222864129E337EF00FEBB91 /* FirebaseDatabaseSwift */,
				0222864329E337EF00FEBB91 /* FirebaseFirestore */,
				0222864529E337EF00FEBB91 /* FirebaseFirestoreSwift */,
				0222864829E338C300FEBB91 /* SigmaSwiftStatistics */,
			);
			productName = _40YardsLeft;
			productReference = 02E9DB9729C0FC2700AA15FA /* _40YardsLeft.app */;
			productType = "com.apple.product-type.application";
		};
/* End PBXNativeTarget section */

/* Begin PBXProject section */
		02E9DB8F29C0FC2700AA15FA /* Project object */ = {
			isa = PBXProject;
			attributes = {
				BuildIndependentTargetsInParallel = 1;
				LastSwiftUpdateCheck = 1420;
				LastUpgradeCheck = 1420;
				TargetAttributes = {
					0222862A29E0C2B900FEBB91 = {
						CreatedOnToolsVersion = 14.2;
						TestTargetID = 02E9DB9629C0FC2700AA15FA;
					};
					02E9DB9629C0FC2700AA15FA = {
						CreatedOnToolsVersion = 14.2;
					};
				};
			};
			buildConfigurationList = 02E9DB9229C0FC2700AA15FA /* Build configuration list for PBXProject "_40YardsLeft" */;
			compatibilityVersion = "Xcode 14.0";
			developmentRegion = en;
			hasScannedForEncodings = 0;
			knownRegions = (
				en,
				Base,
			);
			mainGroup = 02E9DB8E29C0FC2700AA15FA;
			packageReferences = (
				0222863A29E337EF00FEBB91 /* XCRemoteSwiftPackageReference "firebase-ios-sdk" */,
				0222864729E338C200FEBB91 /* XCRemoteSwiftPackageReference "SigmaSwiftStatistics" */,
			);
			productRefGroup = 02E9DB9829C0FC2700AA15FA /* Products */;
			projectDirPath = "";
			projectRoot = "";
			targets = (
				02E9DB9629C0FC2700AA15FA /* _40YardsLeft */,
				0222862A29E0C2B900FEBB91 /* _40YardsLeftTests */,
			);
		};
/* End PBXProject section */

/* Begin PBXResourcesBuildPhase section */
		0222862929E0C2B900FEBB91 /* Resources */ = {
			isa = PBXResourcesBuildPhase;
			buildActionMask = 2147483647;
			files = (
			);
			runOnlyForDeploymentPostprocessing = 0;
		};
		02E9DB9529C0FC2700AA15FA /* Resources */ = {
			isa = PBXResourcesBuildPhase;
			buildActionMask = 2147483647;
			files = (
				02E9DBA229C0FC2800AA15FA /* Preview Assets.xcassets in Resources */,
				02E9DB9F29C0FC2800AA15FA /* Assets.xcassets in Resources */,
				02FEA17729CE93DE00BCD7A4 /* GoogleService-Info.plist in Resources */,
			);
			runOnlyForDeploymentPostprocessing = 0;
		};
/* End PBXResourcesBuildPhase section */

/* Begin PBXSourcesBuildPhase section */
		0222862729E0C2B900FEBB91 /* Sources */ = {
			isa = PBXSourcesBuildPhase;
			buildActionMask = 2147483647;
			files = (
				02CFCAE02A10917100DA7D76 /* CourseTests.swift in Sources */,
				020B0FAA29F9A2C9001E92E1 /* ShotPredictorTests.swift in Sources */,
				0222865829E4DDA900FEBB91 /* RoundTests.swift in Sources */,
				02F731922A11BA7900CC5925 /* ShotTests.swift in Sources */,
				0222865329E34BDD00FEBB91 /* PositionTests.swift in Sources */,
				0222862E29E0C2B900FEBB91 /* DistanceTests.swift in Sources */,
				02CFCADE2A0F524B00DA7D76 /* ShotAnalyserTests.swift in Sources */,
				0222865A29E51D6500FEBB91 /* ArrayExtensionTests.swift in Sources */,
			);
			runOnlyForDeploymentPostprocessing = 0;
		};
		02E9DB9329C0FC2700AA15FA /* Sources */ = {
			isa = PBXSourcesBuildPhase;
			buildActionMask = 2147483647;
			files = (
				0222862129DF930700FEBB91 /* TendancyAnalyzer.swift in Sources */,
				0260D1F029DA74A000EFAE79 /* ScorecardImage.swift in Sources */,
				020441B02A9444EB00B3FB33 /* ApproachStatView.swift in Sources */,
				0260D1DF29D8E38200EFAE79 /* PickACourse.swift in Sources */,
				02CFCAD12A002E1D00DA7D76 /* StringRepresentable.swift in Sources */,
				0222866F29E8921000FEBB91 /* HotOrColdView.swift in Sources */,
				02CFCACF2A0024CF00DA7D76 /* PickerAndLabel.swift in Sources */,
				0222867429E8977500FEBB91 /* ThreeState.swift in Sources */,
				02FEA17B29CEC86100BCD7A4 /* LoginError.swift in Sources */,
				02FEA1C729D3372600BCD7A4 /* RoundEntry.swift in Sources */,
				0222868329EA72F600FEBB91 /* LoginScreen.swift in Sources */,
				02FEA18729CECA0000BCD7A4 /* RoundView.swift in Sources */,
				0260D1DA29D8D5E000EFAE79 /* HoleButtons.swift in Sources */,
				02FEA16629CCEBE600BCD7A4 /* SizeAnimation.swift in Sources */,
				02FEA1A229CF7BB500BCD7A4 /* Shot.swift in Sources */,
				0260D1D829D7F25900EFAE79 /* ScorecardView.swift in Sources */,
				0260D1E229D8E48E00EFAE79 /* CreateCourse.swift in Sources */,
				02CFCAD52A00950200DA7D76 /* CourseSearcher.swift in Sources */,
				02FEA1D629D3D1F400BCD7A4 /* ShotElement.swift in Sources */,
				0222867229E893D700FEBB91 /* IsHot.swift in Sources */,
				02FEA18329CEC9F100BCD7A4 /* HomeView.swift in Sources */,
				0222868529EA76CD00FEBB91 /* AccountDetails.swift in Sources */,
				02FACCB629C6D8FB00B55E6D /* TextFieldWithValiditity.swift in Sources */,
				020441A12A93FA6D00B3FB33 /* ChippingAnalysisView.swift in Sources */,
				020441A52A941A0F00B3FB33 /* DrivingDetailView.swift in Sources */,
				0204419F2A900BA800B3FB33 /* ApproachAnalysis.swift in Sources */,
				02F662E32AA1623500FAE679 /* ShotByShotAnalysis.swift in Sources */,
				02FACCAF29C6C5A500B55E6D /* WelcomeScreen.swift in Sources */,
				0222866D29E88E2300FEBB91 /* HotStreak.swift in Sources */,
				020441A32A940E0E00B3FB33 /* PuttingDetailView.swift in Sources */,
				02F7318D2A11A45A00CC5925 /* StrokesGainedGraph.swift in Sources */,
				020441B62A94742600B3FB33 /* StatTable.swift in Sources */,
				02CFCADA2A0C383800DA7D76 /* NavigationPopping.swift in Sources */,
				02FEA1D129D3424500BCD7A4 /* ShotPredictor.swift in Sources */,
				02CFCAD82A09F76F00DA7D76 /* ShotAnalyzer.swift in Sources */,
				020B0FAC29F9A5C0001E92E1 /* RoundOverviewPage.swift in Sources */,
				0222865629E34DB200FEBB91 /* CourseFilter.swift in Sources */,
				02FEA1BB29D0F5F500BCD7A4 /* Encodable.swift in Sources */,
				020441BA2A956D1100B3FB33 /* LoadingAnimation.swift in Sources */,
				0260D1E829D8FD3300EFAE79 /* HoleDefiner.swift in Sources */,
				02F662E52AA2565900FAE679 /* ProfileView.swift in Sources */,
				020441AE2A9444E100B3FB33 /* DrivingStatView.swift in Sources */,
				02FEA1AA29CF9BE600BCD7A4 /* Hole.swift in Sources */,
				02FEA1CC29D3391C00BCD7A4 /* HoleByHole.swift in Sources */,
				020441A92A94423100B3FB33 /* StatAnalysisView.swift in Sources */,
				02FEA19129CECB0E00BCD7A4 /* ImageIcon.swift in Sources */,
				02D3B9C329C7F2B700541A0E /* OldUserWelcome.swift in Sources */,
				02FEA1B629CFB7E000BCD7A4 /* DatabaseCommunicator.swift in Sources */,
				02FEA19A29CF791600BCD7A4 /* Position.swift in Sources */,
				02FACCB229C6C62E00B55E6D /* WelcomeAnimation.swift in Sources */,
				02CFCADC2A0C3C6E00DA7D76 /* GoHome.swift in Sources */,
				02FEA16A29CD142700BCD7A4 /* Authenticator.swift in Sources */,
				02FEA1C329D1518200BCD7A4 /* SettingsView.swift in Sources */,
				0260D1DD29D8D74E00EFAE79 /* IndividualButton.swift in Sources */,
				020441B42A94450800B3FB33 /* ShortGameStatView.swift in Sources */,
				020441AC2A9444CA00B3FB33 /* GeneralStatView.swift in Sources */,
				0260D1E629D8EAC400EFAE79 /* CourseHoleByHole.swift in Sources */,
				0222866929E87F7400FEBB91 /* GolferView.swift in Sources */,
				02C7A01529FAE64C00C6E403 /* NumberFormatters.swift in Sources */,
				02FEA1A629CF7D4700BCD7A4 /* Course.swift in Sources */,
				0222867729E8C2FC00FEBB91 /* RoundViewList.swift in Sources */,
				020441B22A9444FB00B3FB33 /* PuttingStatView.swift in Sources */,
				0222868729ED9B0B00FEBB91 /* ProfileDetails.swift in Sources */,
				0260D1EC29DA214400EFAE79 /* RoundSetupView.swift in Sources */,
				02F731902A11B4D600CC5925 /* RoundBasedStats.swift in Sources */,
				02FEA1AE29CF9CEA00BCD7A4 /* Round.swift in Sources */,
				0204419B2A8EC7A100B3FB33 /* FocusedAnalysis.swift in Sources */,
				02FEA19629CF785C00BCD7A4 /* Golfer.swift in Sources */,
				0222867929E9A3DF00FEBB91 /* RoundInfo.swift in Sources */,
				020441B82A949CAC00B3FB33 /* DistanceAndLieFilter.swift in Sources */,
				02E9DB9D29C0FC2700AA15FA /* ContentView.swift in Sources */,
				0222868929ED9B8700FEBB91 /* EditableStaticText.swift in Sources */,
				02F7318B2A11984900CC5925 /* ShotFilters.swift in Sources */,
				020B0FA729F6FCC1001E92E1 /* CenteredSquare.swift in Sources */,
				020441A72A9437BD00B3FB33 /* RoundFilterView.swift in Sources */,
				02FACCB429C6D7D600B55E6D /* NewUserForm.swift in Sources */,
				023A74F92AB242E700C63FBB /* RadialBackground.swift in Sources */,
				0260D1E429D8E74400EFAE79 /* BasicCourseInfo.swift in Sources */,
				0222866B29E883DF00FEBB91 /* Menu.swift in Sources */,
				02FACCB829C6DF9500B55E6D /* TextValiditity.swift in Sources */,
				02FEA18B29CECA0A00BCD7A4 /* StatView.swift in Sources */,
				02FEA17F29CEC89700BCD7A4 /* ViewScreens.swift in Sources */,
				0260D1EA29D92EDE00EFAE79 /* RoundPrepView.swift in Sources */,
				02E9DB9B29C0FC2700AA15FA /* _40YardsLeftApp.swift in Sources */,
				02CFCAD32A006E4A00DA7D76 /* SpinningCircle.swift in Sources */,
			);
			runOnlyForDeploymentPostprocessing = 0;
		};
/* End PBXSourcesBuildPhase section */

/* Begin PBXTargetDependency section */
		0222863029E0C2B900FEBB91 /* PBXTargetDependency */ = {
			isa = PBXTargetDependency;
			target = 02E9DB9629C0FC2700AA15FA /* _40YardsLeft */;
			targetProxy = 0222862F29E0C2B900FEBB91 /* PBXContainerItemProxy */;
		};
/* End PBXTargetDependency section */

/* Begin XCBuildConfiguration section */
		0222863229E0C2B900FEBB91 /* Debug */ = {
			isa = XCBuildConfiguration;
			buildSettings = {
				BUNDLE_LOADER = "$(TEST_HOST)";
				CLANG_TIDY_BUGPRONE_REDUNDANT_BRANCH_CONDITION = YES;
				CLANG_TIDY_MISC_REDUNDANT_EXPRESSION = YES;
				CODE_SIGN_STYLE = Automatic;
				CURRENT_PROJECT_VERSION = 1;
				DEVELOPMENT_TEAM = DQPVQK6SUR;
				GENERATE_INFOPLIST_FILE = YES;
				HEADER_SEARCH_PATHS = "";
				IPHONEOS_DEPLOYMENT_TARGET = 16.0;
				MARKETING_VERSION = 1.0;
				PRODUCT_BUNDLE_IDENTIFIER = "LoganUnderwood.-40YardsLeftTests";
				PRODUCT_NAME = "$(TARGET_NAME)";
				SUPPORTED_PLATFORMS = "iphoneos iphonesimulator";
				SUPPORTS_MACCATALYST = NO;
				SUPPORTS_MAC_DESIGNED_FOR_IPHONE_IPAD = YES;
				SWIFT_EMIT_LOC_STRINGS = NO;
				SWIFT_VERSION = 5.0;
				TARGETED_DEVICE_FAMILY = "1,2";
				TEST_HOST = "$(BUILT_PRODUCTS_DIR)/_40YardsLeft.app/$(BUNDLE_EXECUTABLE_FOLDER_PATH)/_40YardsLeft";
			};
			name = Debug;
		};
		0222863329E0C2B900FEBB91 /* Release */ = {
			isa = XCBuildConfiguration;
			buildSettings = {
				BUNDLE_LOADER = "$(TEST_HOST)";
				CLANG_TIDY_BUGPRONE_REDUNDANT_BRANCH_CONDITION = YES;
				CLANG_TIDY_MISC_REDUNDANT_EXPRESSION = YES;
				CODE_SIGN_STYLE = Automatic;
				CURRENT_PROJECT_VERSION = 1;
				DEVELOPMENT_TEAM = DQPVQK6SUR;
				GENERATE_INFOPLIST_FILE = YES;
				HEADER_SEARCH_PATHS = "";
				IPHONEOS_DEPLOYMENT_TARGET = 16.0;
				MARKETING_VERSION = 1.0;
				PRODUCT_BUNDLE_IDENTIFIER = "LoganUnderwood.-40YardsLeftTests";
				PRODUCT_NAME = "$(TARGET_NAME)";
				SUPPORTED_PLATFORMS = "iphoneos iphonesimulator";
				SUPPORTS_MACCATALYST = NO;
				SUPPORTS_MAC_DESIGNED_FOR_IPHONE_IPAD = YES;
				SWIFT_EMIT_LOC_STRINGS = NO;
				SWIFT_VERSION = 5.0;
				TARGETED_DEVICE_FAMILY = "1,2";
				TEST_HOST = "$(BUILT_PRODUCTS_DIR)/_40YardsLeft.app/$(BUNDLE_EXECUTABLE_FOLDER_PATH)/_40YardsLeft";
				VALIDATE_PRODUCT = YES;
			};
			name = Release;
		};
		02E9DBBF29C0FC2800AA15FA /* Debug */ = {
			isa = XCBuildConfiguration;
			buildSettings = {
				ALWAYS_SEARCH_USER_PATHS = NO;
				CLANG_ANALYZER_NONNULL = YES;
				CLANG_ANALYZER_NUMBER_OBJECT_CONVERSION = YES_AGGRESSIVE;
				CLANG_CXX_LANGUAGE_STANDARD = "gnu++20";
				CLANG_ENABLE_MODULES = YES;
				CLANG_ENABLE_OBJC_ARC = YES;
				CLANG_ENABLE_OBJC_WEAK = YES;
				CLANG_WARN_BLOCK_CAPTURE_AUTORELEASING = YES;
				CLANG_WARN_BOOL_CONVERSION = YES;
				CLANG_WARN_COMMA = YES;
				CLANG_WARN_CONSTANT_CONVERSION = YES;
				CLANG_WARN_DEPRECATED_OBJC_IMPLEMENTATIONS = YES;
				CLANG_WARN_DIRECT_OBJC_ISA_USAGE = YES_ERROR;
				CLANG_WARN_DOCUMENTATION_COMMENTS = YES;
				CLANG_WARN_EMPTY_BODY = YES;
				CLANG_WARN_ENUM_CONVERSION = YES;
				CLANG_WARN_INFINITE_RECURSION = YES;
				CLANG_WARN_INT_CONVERSION = YES;
				CLANG_WARN_NON_LITERAL_NULL_CONVERSION = YES;
				CLANG_WARN_OBJC_IMPLICIT_RETAIN_SELF = YES;
				CLANG_WARN_OBJC_LITERAL_CONVERSION = YES;
				CLANG_WARN_OBJC_ROOT_CLASS = YES_ERROR;
				CLANG_WARN_QUOTED_INCLUDE_IN_FRAMEWORK_HEADER = YES;
				CLANG_WARN_RANGE_LOOP_ANALYSIS = YES;
				CLANG_WARN_STRICT_PROTOTYPES = YES;
				CLANG_WARN_SUSPICIOUS_MOVE = YES;
				CLANG_WARN_UNGUARDED_AVAILABILITY = YES_AGGRESSIVE;
				CLANG_WARN_UNREACHABLE_CODE = YES;
				CLANG_WARN__DUPLICATE_METHOD_MATCH = YES;
				COPY_PHASE_STRIP = NO;
				DEBUG_INFORMATION_FORMAT = dwarf;
				ENABLE_STRICT_OBJC_MSGSEND = YES;
				ENABLE_TESTABILITY = YES;
				GCC_C_LANGUAGE_STANDARD = gnu11;
				GCC_DYNAMIC_NO_PIC = NO;
				GCC_NO_COMMON_BLOCKS = YES;
				GCC_OPTIMIZATION_LEVEL = 0;
				GCC_PREPROCESSOR_DEFINITIONS = (
					"DEBUG=1",
					"$(inherited)",
				);
				GCC_WARN_64_TO_32_BIT_CONVERSION = YES;
				GCC_WARN_ABOUT_RETURN_TYPE = YES_ERROR;
				GCC_WARN_UNDECLARED_SELECTOR = YES;
				GCC_WARN_UNINITIALIZED_AUTOS = YES_AGGRESSIVE;
				GCC_WARN_UNUSED_FUNCTION = YES;
				GCC_WARN_UNUSED_VARIABLE = YES;
				INFOPLIST_KEY_UILaunchScreen_Generation = YES;
				MACOSX_DEPLOYMENT_TARGET = 12.6;
				MTL_ENABLE_DEBUG_INFO = INCLUDE_SOURCE;
				MTL_FAST_MATH = YES;
				ONLY_ACTIVE_ARCH = YES;
				SDKROOT = iphoneos;
				SWIFT_ACTIVE_COMPILATION_CONDITIONS = DEBUG;
				SWIFT_OPTIMIZATION_LEVEL = "-Onone";
			};
			name = Debug;
		};
		02E9DBC029C0FC2800AA15FA /* Release */ = {
			isa = XCBuildConfiguration;
			buildSettings = {
				ALWAYS_SEARCH_USER_PATHS = NO;
				CLANG_ANALYZER_NONNULL = YES;
				CLANG_ANALYZER_NUMBER_OBJECT_CONVERSION = YES_AGGRESSIVE;
				CLANG_CXX_LANGUAGE_STANDARD = "gnu++20";
				CLANG_ENABLE_MODULES = YES;
				CLANG_ENABLE_OBJC_ARC = YES;
				CLANG_ENABLE_OBJC_WEAK = YES;
				CLANG_WARN_BLOCK_CAPTURE_AUTORELEASING = YES;
				CLANG_WARN_BOOL_CONVERSION = YES;
				CLANG_WARN_COMMA = YES;
				CLANG_WARN_CONSTANT_CONVERSION = YES;
				CLANG_WARN_DEPRECATED_OBJC_IMPLEMENTATIONS = YES;
				CLANG_WARN_DIRECT_OBJC_ISA_USAGE = YES_ERROR;
				CLANG_WARN_DOCUMENTATION_COMMENTS = YES;
				CLANG_WARN_EMPTY_BODY = YES;
				CLANG_WARN_ENUM_CONVERSION = YES;
				CLANG_WARN_INFINITE_RECURSION = YES;
				CLANG_WARN_INT_CONVERSION = YES;
				CLANG_WARN_NON_LITERAL_NULL_CONVERSION = YES;
				CLANG_WARN_OBJC_IMPLICIT_RETAIN_SELF = YES;
				CLANG_WARN_OBJC_LITERAL_CONVERSION = YES;
				CLANG_WARN_OBJC_ROOT_CLASS = YES_ERROR;
				CLANG_WARN_QUOTED_INCLUDE_IN_FRAMEWORK_HEADER = YES;
				CLANG_WARN_RANGE_LOOP_ANALYSIS = YES;
				CLANG_WARN_STRICT_PROTOTYPES = YES;
				CLANG_WARN_SUSPICIOUS_MOVE = YES;
				CLANG_WARN_UNGUARDED_AVAILABILITY = YES_AGGRESSIVE;
				CLANG_WARN_UNREACHABLE_CODE = YES;
				CLANG_WARN__DUPLICATE_METHOD_MATCH = YES;
				COPY_PHASE_STRIP = NO;
				DEBUG_INFORMATION_FORMAT = "dwarf-with-dsym";
				ENABLE_NS_ASSERTIONS = NO;
				ENABLE_STRICT_OBJC_MSGSEND = YES;
				GCC_C_LANGUAGE_STANDARD = gnu11;
				GCC_NO_COMMON_BLOCKS = YES;
				GCC_WARN_64_TO_32_BIT_CONVERSION = YES;
				GCC_WARN_ABOUT_RETURN_TYPE = YES_ERROR;
				GCC_WARN_UNDECLARED_SELECTOR = YES;
				GCC_WARN_UNINITIALIZED_AUTOS = YES_AGGRESSIVE;
				GCC_WARN_UNUSED_FUNCTION = YES;
				GCC_WARN_UNUSED_VARIABLE = YES;
				INFOPLIST_KEY_UILaunchScreen_Generation = YES;
				MACOSX_DEPLOYMENT_TARGET = 12.6;
				MTL_ENABLE_DEBUG_INFO = NO;
				MTL_FAST_MATH = YES;
				SDKROOT = iphoneos;
				SWIFT_COMPILATION_MODE = wholemodule;
				SWIFT_OPTIMIZATION_LEVEL = "-O";
			};
			name = Release;
		};
		02E9DBC229C0FC2800AA15FA /* Debug */ = {
			isa = XCBuildConfiguration;
			buildSettings = {
				ASSETCATALOG_COMPILER_APPICON_NAME = "AppIcon 1";
				ASSETCATALOG_COMPILER_GLOBAL_ACCENT_COLOR_NAME = AccentColor;
				ASSETCATALOG_COMPILER_INCLUDE_ALL_APPICON_ASSETS = YES;
				CODE_SIGN_ENTITLEMENTS = _40YardsLeft/_40YardsLeft.entitlements;
				CODE_SIGN_STYLE = Automatic;
				COMBINE_HIDPI_IMAGES = YES;
				CURRENT_PROJECT_VERSION = 1;
				DEVELOPMENT_ASSET_PATHS = "\"_40YardsLeft/Preview Content\"";
				DEVELOPMENT_TEAM = DQPVQK6SUR;
				ENABLE_PREVIEWS = YES;
				GENERATE_INFOPLIST_FILE = YES;
				INFOPLIST_KEY_NSHumanReadableCopyright = "";
				INFOPLIST_KEY_UILaunchScreen_Generation = YES;
				INFOPLIST_KEY_UIStatusBarStyle = "";
				INFOPLIST_KEY_UISupportedInterfaceOrientations = UIInterfaceOrientationPortrait;
				IPHONEOS_DEPLOYMENT_TARGET = 16.0;
				LD_RUNPATH_SEARCH_PATHS = (
					"$(inherited)",
					"@executable_path/../Frameworks",
				);
				MARKETING_VERSION = 1.0;
				PRODUCT_BUNDLE_IDENTIFIER = "LoganUnderwood.-40YardsLeft";
				PRODUCT_NAME = "$(TARGET_NAME)";
				SUPPORTED_PLATFORMS = "iphoneos iphonesimulator";
				SUPPORTS_MACCATALYST = NO;
				SUPPORTS_MAC_DESIGNED_FOR_IPHONE_IPAD = NO;
				SWIFT_EMIT_LOC_STRINGS = YES;
				SWIFT_VERSION = 5.0;
				TARGETED_DEVICE_FAMILY = 1;
			};
			name = Debug;
		};
		02E9DBC329C0FC2800AA15FA /* Release */ = {
			isa = XCBuildConfiguration;
			buildSettings = {
				ASSETCATALOG_COMPILER_APPICON_NAME = "AppIcon 1";
				ASSETCATALOG_COMPILER_GLOBAL_ACCENT_COLOR_NAME = AccentColor;
				ASSETCATALOG_COMPILER_INCLUDE_ALL_APPICON_ASSETS = YES;
				CODE_SIGN_ENTITLEMENTS = _40YardsLeft/_40YardsLeft.entitlements;
				CODE_SIGN_STYLE = Automatic;
				COMBINE_HIDPI_IMAGES = YES;
				CURRENT_PROJECT_VERSION = 1;
				DEVELOPMENT_ASSET_PATHS = "\"_40YardsLeft/Preview Content\"";
				DEVELOPMENT_TEAM = DQPVQK6SUR;
				ENABLE_PREVIEWS = YES;
				GENERATE_INFOPLIST_FILE = YES;
				INFOPLIST_KEY_NSHumanReadableCopyright = "";
				INFOPLIST_KEY_UILaunchScreen_Generation = YES;
				INFOPLIST_KEY_UIStatusBarStyle = "";
				INFOPLIST_KEY_UISupportedInterfaceOrientations = UIInterfaceOrientationPortrait;
				IPHONEOS_DEPLOYMENT_TARGET = 16.0;
				LD_RUNPATH_SEARCH_PATHS = (
					"$(inherited)",
					"@executable_path/../Frameworks",
				);
				MARKETING_VERSION = 1.0;
				PRODUCT_BUNDLE_IDENTIFIER = "LoganUnderwood.-40YardsLeft";
				PRODUCT_NAME = "$(TARGET_NAME)";
				SUPPORTED_PLATFORMS = "iphoneos iphonesimulator";
				SUPPORTS_MACCATALYST = NO;
				SUPPORTS_MAC_DESIGNED_FOR_IPHONE_IPAD = NO;
				SWIFT_EMIT_LOC_STRINGS = YES;
				SWIFT_VERSION = 5.0;
				TARGETED_DEVICE_FAMILY = 1;
			};
			name = Release;
		};
/* End XCBuildConfiguration section */

/* Begin XCConfigurationList section */
		0222863129E0C2B900FEBB91 /* Build configuration list for PBXNativeTarget "_40YardsLeftTests" */ = {
			isa = XCConfigurationList;
			buildConfigurations = (
				0222863229E0C2B900FEBB91 /* Debug */,
				0222863329E0C2B900FEBB91 /* Release */,
			);
			defaultConfigurationIsVisible = 0;
			defaultConfigurationName = Release;
		};
		02E9DB9229C0FC2700AA15FA /* Build configuration list for PBXProject "_40YardsLeft" */ = {
			isa = XCConfigurationList;
			buildConfigurations = (
				02E9DBBF29C0FC2800AA15FA /* Debug */,
				02E9DBC029C0FC2800AA15FA /* Release */,
			);
			defaultConfigurationIsVisible = 0;
			defaultConfigurationName = Release;
		};
		02E9DBC129C0FC2800AA15FA /* Build configuration list for PBXNativeTarget "_40YardsLeft" */ = {
			isa = XCConfigurationList;
			buildConfigurations = (
				02E9DBC229C0FC2800AA15FA /* Debug */,
				02E9DBC329C0FC2800AA15FA /* Release */,
			);
			defaultConfigurationIsVisible = 0;
			defaultConfigurationName = Release;
		};
/* End XCConfigurationList section */

/* Begin XCRemoteSwiftPackageReference section */
		0222863A29E337EF00FEBB91 /* XCRemoteSwiftPackageReference "firebase-ios-sdk" */ = {
			isa = XCRemoteSwiftPackageReference;
			repositoryURL = "https://github.com/firebase/firebase-ios-sdk";
			requirement = {
				kind = upToNextMajorVersion;
				minimumVersion = 9.0.0;
			};
		};
		0222864729E338C200FEBB91 /* XCRemoteSwiftPackageReference "SigmaSwiftStatistics" */ = {
			isa = XCRemoteSwiftPackageReference;
			repositoryURL = "https://github.com/evgenyneu/SigmaSwiftStatistics.git";
			requirement = {
				branch = master;
				kind = branch;
			};
		};
/* End XCRemoteSwiftPackageReference section */

/* Begin XCSwiftPackageProductDependency section */
		0222863B29E337EF00FEBB91 /* FirebaseAnalytics */ = {
			isa = XCSwiftPackageProductDependency;
			package = 0222863A29E337EF00FEBB91 /* XCRemoteSwiftPackageReference "firebase-ios-sdk" */;
			productName = FirebaseAnalytics;
		};
		0222863D29E337EF00FEBB91 /* FirebaseAnalyticsSwift */ = {
			isa = XCSwiftPackageProductDependency;
			package = 0222863A29E337EF00FEBB91 /* XCRemoteSwiftPackageReference "firebase-ios-sdk" */;
			productName = FirebaseAnalyticsSwift;
		};
		0222863F29E337EF00FEBB91 /* FirebaseAuth */ = {
			isa = XCSwiftPackageProductDependency;
			package = 0222863A29E337EF00FEBB91 /* XCRemoteSwiftPackageReference "firebase-ios-sdk" */;
			productName = FirebaseAuth;
		};
		0222864129E337EF00FEBB91 /* FirebaseDatabaseSwift */ = {
			isa = XCSwiftPackageProductDependency;
			package = 0222863A29E337EF00FEBB91 /* XCRemoteSwiftPackageReference "firebase-ios-sdk" */;
			productName = FirebaseDatabaseSwift;
		};
		0222864329E337EF00FEBB91 /* FirebaseFirestore */ = {
			isa = XCSwiftPackageProductDependency;
			package = 0222863A29E337EF00FEBB91 /* XCRemoteSwiftPackageReference "firebase-ios-sdk" */;
			productName = FirebaseFirestore;
		};
		0222864529E337EF00FEBB91 /* FirebaseFirestoreSwift */ = {
			isa = XCSwiftPackageProductDependency;
			package = 0222863A29E337EF00FEBB91 /* XCRemoteSwiftPackageReference "firebase-ios-sdk" */;
			productName = FirebaseFirestoreSwift;
		};
		0222864829E338C300FEBB91 /* SigmaSwiftStatistics */ = {
			isa = XCSwiftPackageProductDependency;
			package = 0222864729E338C200FEBB91 /* XCRemoteSwiftPackageReference "SigmaSwiftStatistics" */;
			productName = SigmaSwiftStatistics;
		};
		0222864A29E338F500FEBB91 /* FirebaseFirestore */ = {
			isa = XCSwiftPackageProductDependency;
			package = 0222863A29E337EF00FEBB91 /* XCRemoteSwiftPackageReference "firebase-ios-sdk" */;
			productName = FirebaseFirestore;
		};
		0222864C29E338FC00FEBB91 /* FirebaseFirestoreSwift */ = {
			isa = XCSwiftPackageProductDependency;
			package = 0222863A29E337EF00FEBB91 /* XCRemoteSwiftPackageReference "firebase-ios-sdk" */;
			productName = FirebaseFirestoreSwift;
		};
		0222864E29E3390200FEBB91 /* FirebaseAnalytics */ = {
			isa = XCSwiftPackageProductDependency;
			package = 0222863A29E337EF00FEBB91 /* XCRemoteSwiftPackageReference "firebase-ios-sdk" */;
			productName = FirebaseAnalytics;
		};
		0222865029E3390D00FEBB91 /* FirebaseAuth */ = {
			isa = XCSwiftPackageProductDependency;
			package = 0222863A29E337EF00FEBB91 /* XCRemoteSwiftPackageReference "firebase-ios-sdk" */;
			productName = FirebaseAuth;
		};
/* End XCSwiftPackageProductDependency section */
	};
	rootObject = 02E9DB8F29C0FC2700AA15FA /* Project object */;
}
